
Microsoft Visual Studio Solution File, Format Version 12.00
# Visual Studio Version 17
VisualStudioVersion = 17.9.34728.123
MinimumVisualStudioVersion = 10.0.40219.1
Project("{FAE04EC0-301F-11D3-BF4B-00C04F79EFBC}") = "HoursClient", "HoursClient.csproj", "{1020518D-E3B4-47A8-BB1F-26A84797BAF5}"
EndProject
Global
	GlobalSection(SolutionConfigurationPlatforms) = preSolution
		Debug|Any CPU = Debug|Any CPU
		Release|Any CPU = Release|Any CPU
	EndGlobalSection
	GlobalSection(ProjectConfigurationPlatforms) = postSolution
		{1020518D-E3B4-47A8-BB1F-26A84797BAF5}.Debug|Any CPU.ActiveCfg = Debug|Any CPU
		{1020518D-E3B4-47A8-BB1F-26A84797BAF5}.Debug|Any CPU.Build.0 = Debug|Any CPU
		{1020518D-E3B4-47A8-BB1F-26A84797BAF5}.Release|Any CPU.ActiveCfg = Release|Any CPU
		{1020518D-E3B4-47A8-BB1F-26A84797BAF5}.Release|Any CPU.Build.0 = Release|Any CPU
	EndGlobalSection
	GlobalSection(SolutionProperties) = preSolution
		HideSolutionNode = FALSE
	EndGlobalSection
	GlobalSection(ExtensibilityGlobals) = postSolution
		SolutionGuid = {6235EE61-1B8C-426E-819B-8DB3F798483E}
	EndGlobalSection
EndGlobal
